# This file is automatically @generated by Poetry 2.2.1 and should not be changed by hand.

[[package]]
name = "msvc-runtime"
version = "14.44.35112"
description = "Install the Microsoft™ Visual C++™ runtime DLLs to the sys.prefix and Scripts directories"
optional = false
python-versions = ">=3.5"
groups = ["main"]
markers = "platform_system == \"Windows\""
files = [
    {file = "msvc_runtime-14.44.35112-cp311-cp311-win32.whl", hash = "sha256:438a584930820238141162ef9b92bd8099ccca62a67fa0ddef63ed88b8eb4e0d"},
    {file = "msvc_runtime-14.44.35112-cp311-cp311-win_amd64.whl", hash = "sha256:aba7fbe71897d25ed53fbb7f391e9f50289378a8a9ae218ba18530c663448391"},
    {file = "msvc_runtime-14.44.35112-cp311-cp311-win_arm64.whl", hash = "sha256:3a9c137951944fdc121377947bb4787dcd1007b505d7cf26f62d308d2b8df280"},
    {file = "msvc_runtime-14.44.35112-cp312-cp312-win32.whl", hash = "sha256:7c5af6756056dbf6f3593f69b0f4575dbbd9e8ec10d3108ff00437da811a7b67"},
    {file = "msvc_runtime-14.44.35112-cp312-cp312-win_amd64.whl", hash = "sha256:32f9c706009e16ccc319d6947ce3bffe20e5192bee52b18cf48313f9e7bedfbe"},
    {file = "msvc_runtime-14.44.35112-cp312-cp312-win_arm64.whl", hash = "sha256:62f272c51f30ce0de1b7a796e50af4d3911b76cbc9bc909917435d094f68d5fe"},
    {file = "msvc_runtime-14.44.35112-cp313-cp313-win32.whl", hash = "sha256:e60781114472891c34fe14cc45a19ac28d80e0084dfbce882b7475c40c743152"},
    {file = "msvc_runtime-14.44.35112-cp313-cp313-win_amd64.whl", hash = "sha256:d4f6cf106aaf235f2a90952f9ec7de49e9946323880d051abf9745a6d4bf60bf"},
    {file = "msvc_runtime-14.44.35112-cp313-cp313-win_arm64.whl", hash = "sha256:359152dc9769559fee4ffdaa19f1fc2b72ab1535631a6105116776b263a235ac"},
    {file = "msvc_runtime-14.44.35112-cp314-cp314-win32.whl", hash = "sha256:99c22caa2755c76cfa34b741e96bee99c461480d709fb9c582492ccc0f03c7ae"},
    {file = "msvc_runtime-14.44.35112-cp314-cp314-win_amd64.whl", hash = "sha256:af179a6c552070e660493765efd5856283af3fed971ddc3577203a7d3f1ee8e7"},
    {file = "msvc_runtime-14.44.35112-cp314-cp314-win_arm64.whl", hash = "sha256:81eb9346ab2a269ea934bf13492fe5c1cd50af871a2fbb973f0a514031e81b6a"},
    {file = "msvc_runtime-14.44.35112-cp314-cp314t-win32.whl", hash = "sha256:38d64f2db707be465a79c87f0bec347249af89614550d10ed0345f6a7f80cf73"},
    {file = "msvc_runtime-14.44.35112-cp314-cp314t-win_amd64.whl", hash = "sha256:1105f8f8117ee210b85bd8c771dbefff8f8d35771ee7ce3291ddd91d2a03eff1"},
    {file = "msvc_runtime-14.44.35112-cp314-cp314t-win_arm64.whl", hash = "sha256:a2ab094e35fa04172f6fd5cfc7d2a2017755ea9c3ff39cad5c2a4456e0bff689"},
]

[[package]]
name = "protobuf"
version = "6.33.2"
description = ""
optional = false
python-versions = ">=3.9"
groups = ["main"]
files = [
    {file = "protobuf-6.33.2-cp310-abi3-win32.whl", hash = "sha256:87eb388bd2d0f78febd8f4c8779c79247b26a5befad525008e49a6955787ff3d"},
    {file = "protobuf-6.33.2-cp310-abi3-win_amd64.whl", hash = "sha256:fc2a0e8b05b180e5fc0dd1559fe8ebdae21a27e81ac77728fb6c42b12c7419b4"},
    {file = "protobuf-6.33.2-cp39-abi3-macosx_10_9_universal2.whl", hash = "sha256:d9b19771ca75935b3a4422957bc518b0cecb978b31d1dd12037b088f6bcc0e43"},
    {file = "protobuf-6.33.2-cp39-abi3-manylinux2014_aarch64.whl", hash = "sha256:b5d3b5625192214066d99b2b605f5783483575656784de223f00a8d00754fc0e"},
    {file = "protobuf-6.33.2-cp39-abi3-manylinux2014_s390x.whl", hash = "sha256:8cd7640aee0b7828b6d03ae518b5b4806fdfc1afe8de82f79c3454f8aef29872"},
    {file = "protobuf-6.33.2-cp39-abi3-manylinux2014_x86_64.whl", hash = "sha256:1f8017c48c07ec5859106533b682260ba3d7c5567b1ca1f24297ce03384d1b4f"},
    {file = "protobuf-6.33.2-cp39-cp39-win32.whl", hash = "sha256:7109dcc38a680d033ffb8bf896727423528db9163be1b6a02d6a49606dcadbfe"},
    {file = "protobuf-6.33.2-cp39-cp39-win_amd64.whl", hash = "sha256:2981c58f582f44b6b13173e12bb8656711189c2a70250845f264b877f00b1913"},
    {file = "protobuf-6.33.2-py3-none-any.whl", hash = "sha256:7636aad9bb01768870266de5dc009de2d1b936771b38a793f73cbbf279c91c5c"},
    {file = "protobuf-6.33.2.tar.gz", hash = "sha256:56dc370c91fbb8ac85bc13582c9e373569668a290aa2e66a590c2a0d35ddb9e4"},
]

[[package]]
name = "pyntcore"
version = "2026.1.1"
description = "Binary wrappers for the FRC ntcore library"
optional = false
python-versions = "*"
groups = ["main"]
files = [
    {file = "pyntcore-2026.1.1-cp310-cp310-macosx_13_0_arm64.whl", hash = "sha256:892bb9bd73f6a88099855db77451e97592ed524ab12e0eb6c390d0203c31538c"},
    {file = "pyntcore-2026.1.1-cp310-cp310-macosx_13_0_x86_64.whl", hash = "sha256:14fa0491d526785385ac4e37c29b60f9e1ce39160ab4827e4a0c72cc6f2ef994"},
    {file = "pyntcore-2026.1.1-cp310-cp310-manylinux_2_35_x86_64.whl", hash = "sha256:7807f1f3a798453bd9016b142de23cabadd7353c921f9f4d23173a7dc02226a4"},
    {file = "pyntcore-2026.1.1-cp310-cp310-win_amd64.whl", hash = "sha256:762f4a03cc866a5f42f3094ca242c1337ed516e878d3e979dc7a728b7c0b384d"},
    {file = "pyntcore-2026.1.1-cp311-cp311-macosx_13_0_arm64.whl", hash = "sha256:80afdbef17249d2c9f4c3f15a4ce1a3a936d34c78bc9f296705693b28306095d"},
    {file = "pyntcore-2026.1.1-cp311-cp311-macosx_13_0_x86_64.whl", hash = "sha256:a81c204176f301a44416d901eed54aa331a08973c5c48ea331e96bec67450c1d"},
    {file = "pyntcore-2026.1.1-cp311-cp311-manylinux_2_35_aarch64.whl", hash = "sha256:09f54005bc5f9b09edcfd1b1c26f9b53e0f776f7011ba891b6cdc67dae5e9e7d"},
    {file = "pyntcore-2026.1.1-cp311-cp311-manylinux_2_35_x86_64.whl", hash = "sha256:cf02802b7fec3489b583c3c188136b34c5a1877a5adfdd5cecdc8067aecf5e50"},
    {file = "pyntcore-2026.1.1-cp311-cp311-win_amd64.whl", hash = "sha256:3326a7e8195ffbc32736aab64e0fe9428b5bcf5f6304bfc4dd308d4c3d0a9577"},
    {file = "pyntcore-2026.1.1-cp312-cp312-macosx_13_0_arm64.whl", hash = "sha256:ef79730b8bee9bfd31c3d026c645197bdeca8dfa160b45a82e2898ee36493a22"},
    {file = "pyntcore-2026.1.1-cp312-cp312-macosx_13_0_x86_64.whl", hash = "sha256:2327361bdb83c7ea57809c617ab9ec96f06f2f5c9940cc807ebbdda37508a406"},
    {file = "pyntcore-2026.1.1-cp312-cp312-manylinux_2_35_aarch64.whl", hash = "sha256:e0ec556aa575f6bd574b0bdf463f548f833c38459a481aab91a4729570fbcfe2"},
    {file = "pyntcore-2026.1.1-cp312-cp312-manylinux_2_35_x86_64.whl", hash = "sha256:1bde02803bc4bcf431f83000a9af943f58416e1703b51dd9d2a74fe979b9abd4"},
    {file = "pyntcore-2026.1.1-cp312-cp312-win_amd64.whl", hash = "sha256:8172ca20b2a59ecee2843232bd662d5460bbeaa569718705460b951666b03c48"},
    {file = "pyntcore-2026.1.1-cp313-cp313-macosx_13_0_arm64.whl", hash = "sha256:dd8e1ccee308dff391985f4b8f5d423a89d5b3c57ef1a990489213292a589816"},
    {file = "pyntcore-2026.1.1-cp313-cp313-macosx_13_0_x86_64.whl", hash = "sha256:c87fd9130355158a27c135e8e2eafa9ca0015ab2b9b350868a9c9029cbd0d471"},
    {file = "pyntcore-2026.1.1-cp313-cp313-manylinux_2_35_aarch64.whl", hash = "sha256:5a868f24aa25104ac295d5cf9c3716f641d879d9cb5abf3b9a66af1762270865"},
    {file = "pyntcore-2026.1.1-cp313-cp313-manylinux_2_35_x86_64.whl", hash = "sha256:5940cd98a70a29b22efb1e4f992d74298f224f399eb472afb0d8a9b44408676a"},
    {file = "pyntcore-2026.1.1-cp313-cp313-win_amd64.whl", hash = "sha256:b833e68c2f5c232bc6cf8382a2e518a5b5a6e02f1710addd3cbd48eaea2ed9af"},
    {file = "pyntcore-2026.1.1-cp314-cp314-macosx_13_0_arm64.whl", hash = "sha256:6798decf24692f7f61473f4b41aed761cb9a58be5321143503118e6351c5131b"},
    {file = "pyntcore-2026.1.1-cp314-cp314-macosx_13_0_x86_64.whl", hash = "sha256:f599b8a97b7fb15794a74b61cbf6c92f6e53887ec28629b2cfa390fd90528f20"},
    {file = "pyntcore-2026.1.1-cp314-cp314-manylinux_2_35_aarch64.whl", hash = "sha256:64dea12429c26c720f21166f3fff62aa925067ed273ab7c11ed66bea433285a4"},
    {file = "pyntcore-2026.1.1-cp314-cp314-manylinux_2_35_x86_64.whl", hash = "sha256:bf9f24209677583647c4ea7e685ff88b0554a7d0e0a6269495b6e21ca45e14dd"},
    {file = "pyntcore-2026.1.1-cp314-cp314-win_amd64.whl", hash = "sha256:1b7ac041ad25e7a1a5260927f0b55d6dff4c8b31bde23c6e0c85071b90d5c3cc"},
]

[package.dependencies]
robotpy-native-ntcore = "2026.1.1"
robotpy-wpinet = "2026.1.1"
robotpy-wpiutil = "2026.1.1"

[[package]]
name = "robotpy-native-ntcore"
version = "2026.1.1"
description = "WPILib NetworkTables Library"
optional = false
python-versions = "*"
groups = ["main"]
files = [
    {file = "robotpy_native_ntcore-2026.1.1-py3-none-macosx_13_0_universal2.whl", hash = "sha256:83aea5fc0b32e7ee208b22e3c62d9d8be48e0ff22a5d0ccc149878e6495e5f19"},
    {file = "robotpy_native_ntcore-2026.1.1-py3-none-manylinux_2_34_aarch64.whl", hash = "sha256:eec8b7fcb98a76b9869de37b522f3736a45cdff707d76711e8ddd244b525cf7c"},
    {file = "robotpy_native_ntcore-2026.1.1-py3-none-manylinux_2_34_x86_64.whl", hash = "sha256:f2fdffa318bbc13fa811b2bf33de29be4ef9289cae87a0846b1c14f6ff9cf498"},
    {file = "robotpy_native_ntcore-2026.1.1-py3-none-win_amd64.whl", hash = "sha256:3b5f1f0513de0a65d6a2a7ec27a7e94a00e2905b618173e1628e27c488e95977"},
]

[package.dependencies]
robotpy-native-wpinet = "2026.1.1"
robotpy-native-wpiutil = "2026.1.1"

[[package]]
name = "robotpy-native-wpinet"
version = "2026.1.1"
description = "WPILib Networking Library"
optional = false
python-versions = "*"
groups = ["main"]
files = [
    {file = "robotpy_native_wpinet-2026.1.1-py3-none-macosx_13_0_universal2.whl", hash = "sha256:b7c30ffc6d51cc7ad52fe60ce584e1b44cde5341e23e761159444c72e91bfc76"},
    {file = "robotpy_native_wpinet-2026.1.1-py3-none-manylinux_2_35_aarch64.whl", hash = "sha256:4c37cde5d4def3297a30b029dfc8aad9bc9f021f0896014d752d3535a71e6af4"},
    {file = "robotpy_native_wpinet-2026.1.1-py3-none-manylinux_2_35_x86_64.whl", hash = "sha256:072668d8bc2e41c3e667a203fb2ddef58bec9045a1837e9d38c37c07674d26be"},
    {file = "robotpy_native_wpinet-2026.1.1-py3-none-win_amd64.whl", hash = "sha256:08ab48bb31a839d8a9c4d6db964ffd2df6d21565ccc0b760541544021f0c3033"},
]

[package.dependencies]
robotpy-native-wpiutil = "2026.1.1"

[[package]]
name = "robotpy-native-wpiutil"
version = "2026.1.1"
description = "WPILib Utility Library"
optional = false
python-versions = "*"
groups = ["main"]
files = [
    {file = "robotpy_native_wpiutil-2026.1.1-py3-none-macosx_13_0_universal2.whl", hash = "sha256:8171c0128fdba7879ca14de151f7ca3a33bb3e0c9ea2a661215a6e938f8d293e"},
    {file = "robotpy_native_wpiutil-2026.1.1-py3-none-manylinux_2_35_aarch64.whl", hash = "sha256:63e70bd60466524d365b1441292e0695e1a750214a236967cc4d5f579248fc8c"},
    {file = "robotpy_native_wpiutil-2026.1.1-py3-none-manylinux_2_35_x86_64.whl", hash = "sha256:210f3f33033a8b4b8122abec50c263ec7baf8495b0cdfa5cf3b30ead9c30c13d"},
    {file = "robotpy_native_wpiutil-2026.1.1-py3-none-win_amd64.whl", hash = "sha256:c118a48ab29c164bf79cbfdb8fde0359817d2fa4619f09a0e6881b8321cd846d"},
]

[package.dependencies]
msvc-runtime = {version = ">=14.42.34433", markers = "platform_system == \"Windows\""}

[[package]]
name = "robotpy-wpinet"
version = "2026.1.1"
description = "Binary wrapper for FRC wpinet library"
optional = false
python-versions = "*"
groups = ["main"]
files = [
    {file = "robotpy_wpinet-2026.1.1-cp310-cp310-macosx_13_0_arm64.whl", hash = "sha256:0a6f6708e422fc4758533f781dcc0700b87d8943b42e311517b6afa21c0f28ed"},
    {file = "robotpy_wpinet-2026.1.1-cp310-cp310-macosx_13_0_x86_64.whl", hash = "sha256:b5d1b294f12c2125413e83c2a26058cd1420f41d21c496f8dc1a9594b8b0df63"},
    {file = "robotpy_wpinet-2026.1.1-cp310-cp310-manylinux_2_35_x86_64.whl", hash = "sha256:c7568c570b701c9905f3bfb2753b0ce31e52a86ab92fae85dea8dc3bca17d144"},
    {file = "robotpy_wpinet-2026.1.1-cp310-cp310-win_amd64.whl", hash = "sha256:05a96d27367e323d30c2477a06685fec23ad68ea9598b94977fecf5ba92628d7"},
    {file = "robotpy_wpinet-2026.1.1-cp311-cp311-macosx_13_0_arm64.whl", hash = "sha256:271c124998da176e61cc5fafa724065a83c0a951b2a122d7588db2baeaff72ce"},
    {file = "robotpy_wpinet-2026.1.1-cp311-cp311-macosx_13_0_x86_64.whl", hash = "sha256:1fc7e2597e7d15a323bc7329d45d1e57221fc0b03c0c69420ad70459b1015803"},
    {file = "robotpy_wpinet-2026.1.1-cp311-cp311-manylinux_2_35_aarch64.whl", hash = "sha256:66240037a2c5048f9d67a619fedb0acb493ab4d80aef58b780ae5f9473e6477f"},
    {file = "robotpy_wpinet-2026.1.1-cp311-cp311-manylinux_2_35_x86_64.whl", hash = "sha256:8a3108444bc347a133f297c00bac7bfc7a8327130e1ac80296adbe8af12bf7f1"},
    {file = "robotpy_wpinet-2026.1.1-cp311-cp311-win_amd64.whl", hash = "sha256:2a0c18382cff22fe5f5e7d3354bfbb530ccd76e81513fd0c66a6452e58707632"},
    {file = "robotpy_wpinet-2026.1.1-cp312-cp312-macosx_13_0_arm64.whl", hash = "sha256:6483eb48e2433786c3a657563b2c305873d2689e2de8019ac26563f91e1d8bc3"},
    {file = "robotpy_wpinet-2026.1.1-cp312-cp312-macosx_13_0_x86_64.whl", hash = "sha256:a1cd9e95c3c81037082a6d8016570a57e041c8ff208a700aa8d0ef69adb3fdc7"},
    {file = "robotpy_wpinet-2026.1.1-cp312-cp312-manylinux_2_35_aarch64.whl", hash = "sha256:1020d1f9288e68c16f1f5909ccb77dd32877bec93a40d8ec73ff33fb594548ae"},
    {file = "robotpy_wpinet-2026.1.1-cp312-cp312-manylinux_2_35_x86_64.whl", hash = "sha256:6062307afc0182cade5a4d1e5f2b127d3aab237c2a9a82e53d5420c350c4cfc6"},
    {file = "robotpy_wpinet-2026.1.1-cp312-cp312-win_amd64.whl", hash = "sha256:e92cec07bd6d0e8566ef49a5a6349c45b7604229af50f3f75fa68f723fc9b2c4"},
    {file = "robotpy_wpinet-2026.1.1-cp313-cp313-macosx_13_0_arm64.whl", hash = "sha256:ea6e5e5c58c6f8b5199b0392d5a88996869f6db751699d7854668648abbe56f2"},
    {file = "robotpy_wpinet-2026.1.1-cp313-cp313-macosx_13_0_x86_64.whl", hash = "sha256:5e365ea9fb9b30f27aa3def9b764dfa246f4fdbcf2af5ebab42e5024b94e5f65"},
    {file = "robotpy_wpinet-2026.1.1-cp313-cp313-manylinux_2_35_aarch64.whl", hash = "sha256:b11938ae1df56c8c5288d4aa6489109f58fa2194673119894be2ca7719e371cb"},
    {file = "robotpy_wpinet-2026.1.1-cp313-cp313-manylinux_2_35_x86_64.whl", hash = "sha256:1b8aa691b119c9e17e4d4165ee4b85df8120d57a1559a3d6a174b7a0ee6fa85c"},
    {file = "robotpy_wpinet-2026.1.1-cp313-cp313-win_amd64.whl", hash = "sha256:8e85a04b7424a37c2b693f5d498c3d91b6f7a18b9d9629f68f119439d58ade47"},
    {file = "robotpy_wpinet-2026.1.1-cp314-cp314-macosx_13_0_arm64.whl", hash = "sha256:e87d3a51ec96ba05a6b4c19a8113c3cbaa4d307d7f25c4a41ff2d73325e79e2e"},
    {file = "robotpy_wpinet-2026.1.1-cp314-cp314-macosx_13_0_x86_64.whl", hash = "sha256:4fb11fbfc01baefaf19b8d51d07c448f00094b4992ac35ca3affcd810c15d501"},
    {file = "robotpy_wpinet-2026.1.1-cp314-cp314-manylinux_2_35_aarch64.whl", hash = "sha256:d434ed9d9015b1cbe8679a6c8e6cf9c54ec239ad3aa298386377ff896735101b"},
    {file = "robotpy_wpinet-2026.1.1-cp314-cp314-manylinux_2_35_x86_64.whl", hash = "sha256:e2efda67edfee9e2066147d301c7ac0aba93c18975f381e6e6050d67ac486428"},
    {file = "robotpy_wpinet-2026.1.1-cp314-cp314-win_amd64.whl", hash = "sha256:3a0d202757d47433c1c1114435f4e7fb51e42fdb6b023d89a704d5fcb0e52357"},
]

[package.dependencies]
robotpy-native-wpinet = "2026.1.1"
robotpy-wpiutil = "2026.1.1"

[[package]]
name = "robotpy-wpiutil"
version = "2026.1.1"
description = "Binary wrapper for FRC WPIUtil library"
optional = false
python-versions = "*"
groups = ["main"]
files = [
    {file = "robotpy_wpiutil-2026.1.1-cp310-cp310-macosx_13_0_arm64.whl", hash = "sha256:0172b886e7e2b74e73318465004edf038691ba4e7c6568a2d073ef878f0a2d5b"},
    {file = "robotpy_wpiutil-2026.1.1-cp310-cp310-macosx_13_0_x86_64.whl", hash = "sha256:196f95e8d7f32845b7d28fb2e8b87e1095ab048a0ce65dbcc7705df00ce79dab"},
    {file = "robotpy_wpiutil-2026.1.1-cp310-cp310-manylinux_2_35_x86_64.whl", hash = "sha256:29897ddba832ec43ef5d17a0fa8c9e0b7e3620d12f0051441c4f0944ac827bf3"},
    {file = "robotpy_wpiutil-2026.1.1-cp310-cp310-win_amd64.whl", hash = "sha256:a1057b4d59cc10b43e9518bd76998b2f758f4f8b3dfa41dabded8b0c0866b5ba"},
    {file = "robotpy_wpiutil-2026.1.1-cp311-cp311-macosx_13_0_arm64.whl", hash = "sha256:6a4fe9d234e7c70a0b83065ec892bac3305290891200b994182de9d1c708af38"},
    {file = "robotpy_wpiutil-2026.1.1-cp311-cp311-macosx_13_0_x86_64.whl", hash = "sha256:da54b353ba667665377b0a1503b1fa8e84a7550d4940b67e5e8be4076b591d6d"},
    {file = "robotpy_wpiutil-2026.1.1-cp311-cp311-manylinux_2_35_aarch64.whl", hash = "sha256:25ab46afee2167b3d90135a9646c9116c7126509ac634466e89d83b082483f56"},
    {file = "robotpy_wpiutil-2026.1.1-cp311-cp311-manylinux_2_35_x86_64.whl", hash = "sha256:4e15e5f59285b5f855fdf762ddbbd19a6ec29225f17d625acddcd684ae9301d9"},
    {file = "robotpy_wpiutil-2026.1.1-cp311-cp311-win_amd64.whl", hash = "sha256:3606ede4f95f579719c49b20741073bbf42304659f1e2e3f47eeb79926fbd4a6"},
    {file = "robotpy_wpiutil-2026.1.1-cp312-cp312-macosx_13_0_arm64.whl", hash = "sha256:7185060c6ed22eb6edc557523c87dff0ed829a4849ef369ebf58e0f8cdcfe26f"},
    {file = "robotpy_wpiutil-2026.1.1-cp312-cp312-macosx_13_0_x86_64.whl", hash = "sha256:662e4fde54b1632990bab28684bd244a6000cced8f5a68f0280e61c1653a57b8"},
    {file = "robotpy_wpiutil-2026.1.1-cp312-cp312-manylinux_2_35_aarch64.whl", hash = "sha256:040bfe4f8f70c751e0b2cdc11da624e20cf61f40245c54378f1ca3b0ec57b42f"},
    {file = "robotpy_wpiutil-2026.1.1-cp312-cp312-manylinux_2_35_x86_64.whl", hash = "sha256:d96a925b2c8ab4363f0150339db48e6a86d0bbba8634701915aefd6f41d3e2f7"},
    {file = "robotpy_wpiutil-2026.1.1-cp312-cp312-win_amd64.whl", hash = "sha256:94d4f499580f08cc502847c80d141996102b244feebd4e633591093de23dad54"},
    {file = "robotpy_wpiutil-2026.1.1-cp313-cp313-macosx_13_0_arm64.whl", hash = "sha256:0dd9eab566532936d8a4f4b4fdcb9f186315098ac15144468eb9a3190f43843b"},
    {file = "robotpy_wpiutil-2026.1.1-cp313-cp313-macosx_13_0_x86_64.whl", hash = "sha256:dc6d762b1cd40e6dfec46c5c9218c231e2da3bcd814aaf84ef803cd854ce805b"},
    {file = "robotpy_wpiutil-2026.1.1-cp313-cp313-manylinux_2_35_aarch64.whl", hash = "sha256:30289f4bbbb3df99d5a4f39dc36c4a2dee9713e0d86d7620472fcb0feb4a0d7a"},
    {file = "robotpy_wpiutil-2026.1.1-cp313-cp313-manylinux_2_35_x86_64.whl", hash = "sha256:8dc48fd92e2cf4753643b2206b299ec26c6e318fe8390323846ae202eec5711d"},
    {file = "robotpy_wpiutil-2026.1.1-cp313-cp313-win_amd64.whl", hash = "sha256:6c4687a0cac126ab4c77e831c15700d3155be2629d4f62c9fc4adab156a50701"},
    {file = "robotpy_wpiutil-2026.1.1-cp314-cp314-macosx_13_0_arm64.whl", hash = "sha256:d1bc3d29f1169fa0a9c98ab5fbaf87d0081f85fe6496e2cda00355bf65fcc43b"},
    {file = "robotpy_wpiutil-2026.1.1-cp314-cp314-macosx_13_0_x86_64.whl", hash = "sha256:e80f1a53463852812822987bba98d0bb73a09d35ed9d0e53a32949cee36ae3b2"},
    {file = "robotpy_wpiutil-2026.1.1-cp314-cp314-manylinux_2_35_aarch64.whl", hash = "sha256:f62ed8b0de1e0d075f23d5cc4e007b7811f02bf495983d02a45cbe688fdb06f6"},
    {file = "robotpy_wpiutil-2026.1.1-cp314-cp314-manylinux_2_35_x86_64.whl", hash = "sha256:3668a7c7e51fde2e898278645eb15b3581f40c8c81e4b4c70c48b2c38c07ab75"},
    {file = "robotpy_wpiutil-2026.1.1-cp314-cp314-win_amd64.whl", hash = "sha256:eb450a9c0cc3b640cc029759266dedc17983936ee8c80bc7ea0607216e48bc9a"},
]

[package.dependencies]
robotpy-native-wpiutil = "2026.1.1"

[metadata]
lock-version = "2.1"
python-versions = ">=3.9"
content-hash = "8cb4b5d478bcb93cfa8b5ede32e45db2f217ae4d3cd5950fbba48a1fadae776d"
