# This file is automatically @generated by Poetry 2.2.1 and should not be changed by hand.

[[package]]
name = "msvc-runtime"
version = "14.44.35112"
description = "Install the Microsoft™ Visual C++™ runtime DLLs to the sys.prefix and Scripts directories"
optional = false
python-versions = ">=3.5"
groups = ["main"]
markers = "platform_system == \"Windows\""
files = [
    {file = "msvc_runtime-14.44.35112-cp311-cp311-win32.whl", hash = "sha256:438a584930820238141162ef9b92bd8099ccca62a67fa0ddef63ed88b8eb4e0d"},
    {file = "msvc_runtime-14.44.35112-cp311-cp311-win_amd64.whl", hash = "sha256:aba7fbe71897d25ed53fbb7f391e9f50289378a8a9ae218ba18530c663448391"},
    {file = "msvc_runtime-14.44.35112-cp311-cp311-win_arm64.whl", hash = "sha256:3a9c137951944fdc121377947bb4787dcd1007b505d7cf26f62d308d2b8df280"},
    {file = "msvc_runtime-14.44.35112-cp312-cp312-win32.whl", hash = "sha256:7c5af6756056dbf6f3593f69b0f4575dbbd9e8ec10d3108ff00437da811a7b67"},
    {file = "msvc_runtime-14.44.35112-cp312-cp312-win_amd64.whl", hash = "sha256:32f9c706009e16ccc319d6947ce3bffe20e5192bee52b18cf48313f9e7bedfbe"},
    {file = "msvc_runtime-14.44.35112-cp312-cp312-win_arm64.whl", hash = "sha256:62f272c51f30ce0de1b7a796e50af4d3911b76cbc9bc909917435d094f68d5fe"},
    {file = "msvc_runtime-14.44.35112-cp313-cp313-win32.whl", hash = "sha256:e60781114472891c34fe14cc45a19ac28d80e0084dfbce882b7475c40c743152"},
    {file = "msvc_runtime-14.44.35112-cp313-cp313-win_amd64.whl", hash = "sha256:d4f6cf106aaf235f2a90952f9ec7de49e9946323880d051abf9745a6d4bf60bf"},
    {file = "msvc_runtime-14.44.35112-cp313-cp313-win_arm64.whl", hash = "sha256:359152dc9769559fee4ffdaa19f1fc2b72ab1535631a6105116776b263a235ac"},
    {file = "msvc_runtime-14.44.35112-cp314-cp314-win32.whl", hash = "sha256:99c22caa2755c76cfa34b741e96bee99c461480d709fb9c582492ccc0f03c7ae"},
    {file = "msvc_runtime-14.44.35112-cp314-cp314-win_amd64.whl", hash = "sha256:af179a6c552070e660493765efd5856283af3fed971ddc3577203a7d3f1ee8e7"},
    {file = "msvc_runtime-14.44.35112-cp314-cp314-win_arm64.whl", hash = "sha256:81eb9346ab2a269ea934bf13492fe5c1cd50af871a2fbb973f0a514031e81b6a"},
    {file = "msvc_runtime-14.44.35112-cp314-cp314t-win32.whl", hash = "sha256:38d64f2db707be465a79c87f0bec347249af89614550d10ed0345f6a7f80cf73"},
    {file = "msvc_runtime-14.44.35112-cp314-cp314t-win_amd64.whl", hash = "sha256:1105f8f8117ee210b85bd8c771dbefff8f8d35771ee7ce3291ddd91d2a03eff1"},
    {file = "msvc_runtime-14.44.35112-cp314-cp314t-win_arm64.whl", hash = "sha256:a2ab094e35fa04172f6fd5cfc7d2a2017755ea9c3ff39cad5c2a4456e0bff689"},
]

[[package]]
name = "protobuf"
version = "6.33.2"
description = ""
optional = false
python-versions = ">=3.9"
groups = ["main"]
files = [
    {file = "protobuf-6.33.2-cp310-abi3-win32.whl", hash = "sha256:87eb388bd2d0f78febd8f4c8779c79247b26a5befad525008e49a6955787ff3d"},
    {file = "protobuf-6.33.2-cp310-abi3-win_amd64.whl", hash = "sha256:fc2a0e8b05b180e5fc0dd1559fe8ebdae21a27e81ac77728fb6c42b12c7419b4"},
    {file = "protobuf-6.33.2-cp39-abi3-macosx_10_9_universal2.whl", hash = "sha256:d9b19771ca75935b3a4422957bc518b0cecb978b31d1dd12037b088f6bcc0e43"},
    {file = "protobuf-6.33.2-cp39-abi3-manylinux2014_aarch64.whl", hash = "sha256:b5d3b5625192214066d99b2b605f5783483575656784de223f00a8d00754fc0e"},
    {file = "protobuf-6.33.2-cp39-abi3-manylinux2014_s390x.whl", hash = "sha256:8cd7640aee0b7828b6d03ae518b5b4806fdfc1afe8de82f79c3454f8aef29872"},
    {file = "protobuf-6.33.2-cp39-abi3-manylinux2014_x86_64.whl", hash = "sha256:1f8017c48c07ec5859106533b682260ba3d7c5567b1ca1f24297ce03384d1b4f"},
    {file = "protobuf-6.33.2-cp39-cp39-win32.whl", hash = "sha256:7109dcc38a680d033ffb8bf896727423528db9163be1b6a02d6a49606dcadbfe"},
    {file = "protobuf-6.33.2-cp39-cp39-win_amd64.whl", hash = "sha256:2981c58f582f44b6b13173e12bb8656711189c2a70250845f264b877f00b1913"},
    {file = "protobuf-6.33.2-py3-none-any.whl", hash = "sha256:7636aad9bb01768870266de5dc009de2d1b936771b38a793f73cbbf279c91c5c"},
    {file = "protobuf-6.33.2.tar.gz", hash = "sha256:56dc370c91fbb8ac85bc13582c9e373569668a290aa2e66a590c2a0d35ddb9e4"},
]

[[package]]
name = "pyntcore"
version = "2025.3.2.3"
description = "Binary wrappers for the FRC ntcore library"
optional = false
python-versions = "*"
groups = ["main"]
files = [
    {file = "pyntcore-2025.3.2.3-cp310-cp310-macosx_13_0_arm64.whl", hash = "sha256:751a073e8c5d83abc6c93768ce2096ab01fdbedc771af2eb2611acd74b30803c"},
    {file = "pyntcore-2025.3.2.3-cp310-cp310-macosx_13_0_x86_64.whl", hash = "sha256:8c1e187d631add88466dd48c23dda6eb1675d03984f39e38a3c01fef495baeb3"},
    {file = "pyntcore-2025.3.2.3-cp310-cp310-manylinux_2_35_x86_64.whl", hash = "sha256:994fb86c9ff8b112b759c2dba4ca1b879d4140795e9e53c0adea1d3b54a9045b"},
    {file = "pyntcore-2025.3.2.3-cp310-cp310-win_amd64.whl", hash = "sha256:cb6e02b1e3f910b93f02519cda27589d9a3c8a28d6dab03d30d61f7be833c6ed"},
    {file = "pyntcore-2025.3.2.3-cp311-cp311-macosx_13_0_arm64.whl", hash = "sha256:ddaa2fbf54c0544a4e58556c11fdbcdd4c60ead25153287d629ef16c908c9506"},
    {file = "pyntcore-2025.3.2.3-cp311-cp311-macosx_13_0_x86_64.whl", hash = "sha256:688ad4a1cc5e61bb40aca9ee08d7818c1cd441047bb19521ebfe1e6333b86cf0"},
    {file = "pyntcore-2025.3.2.3-cp311-cp311-manylinux_2_35_x86_64.whl", hash = "sha256:fabb6f2e72f02bb297091f20645b45b40b4e361c2bd92f14986caedbd8de8e39"},
    {file = "pyntcore-2025.3.2.3-cp311-cp311-manylinux_2_36_aarch64.whl", hash = "sha256:f0de80840d7c0e4503984ca606bd409f6abaa115f0319bfc5f8d5db65ed94cea"},
    {file = "pyntcore-2025.3.2.3-cp311-cp311-win_amd64.whl", hash = "sha256:438e8dae3a75f4d4fa88e585996757f1414a7cdb00e8396ea0a2448a11891ba2"},
    {file = "pyntcore-2025.3.2.3-cp312-cp312-macosx_13_0_arm64.whl", hash = "sha256:59af976a2e00cdb0062d83d22e2ddf9e3f6384b9045bf9402fe1c6967e01caa1"},
    {file = "pyntcore-2025.3.2.3-cp312-cp312-macosx_13_0_x86_64.whl", hash = "sha256:da8e70dcf3e2d044f357686f6d37e8372dc7f262852be232ac3e2d3c06faebca"},
    {file = "pyntcore-2025.3.2.3-cp312-cp312-manylinux_2_35_x86_64.whl", hash = "sha256:417612ea0fa2c3ae446a4f9c12040f8d6fa12b281db849184d7311190942a027"},
    {file = "pyntcore-2025.3.2.3-cp312-cp312-manylinux_2_36_aarch64.whl", hash = "sha256:94f2c645f5fdbc06207d5bc0da309f2825e65f0022fd0fa175d0fa9efb0a53a6"},
    {file = "pyntcore-2025.3.2.3-cp312-cp312-win_amd64.whl", hash = "sha256:6b06d780506c461335987db3ee49d1a869f9eac6a7d7bf8132a4015492b39610"},
    {file = "pyntcore-2025.3.2.3-cp313-cp313-macosx_13_0_arm64.whl", hash = "sha256:62eb2222abf2d7cde065abd30aa45e7e920544a22dece7582ab7697e00f486ca"},
    {file = "pyntcore-2025.3.2.3-cp313-cp313-macosx_13_0_x86_64.whl", hash = "sha256:3f2e1b7b2d20d9452c0712337065526f4a84dab56d36c060d63297102ac2c117"},
    {file = "pyntcore-2025.3.2.3-cp313-cp313-manylinux_2_35_x86_64.whl", hash = "sha256:d5c09bb9898926df15da1593befce6d4d6073d466d137ea339c6c48bbf49a06b"},
    {file = "pyntcore-2025.3.2.3-cp313-cp313-manylinux_2_36_aarch64.whl", hash = "sha256:70f65b0014536318dafb6cdb56b97a845679ad876da30fb54d784a068eaf9a8e"},
    {file = "pyntcore-2025.3.2.3-cp313-cp313-win_amd64.whl", hash = "sha256:5743e8087f020889a4c321566b72d592bdcc43277406fff2f22b6c4a96b62724"},
    {file = "pyntcore-2025.3.2.3-cp39-cp39-macosx_13_0_arm64.whl", hash = "sha256:4ec8236130833532bfa57ad2839dac5a9f37f39071e7ff5239c6dcd3093094ff"},
    {file = "pyntcore-2025.3.2.3-cp39-cp39-macosx_13_0_x86_64.whl", hash = "sha256:9df7d42722d3528cdce0b4ca890bf5d537f86156c9eb8bb95780fe6859985346"},
    {file = "pyntcore-2025.3.2.3-cp39-cp39-manylinux_2_35_x86_64.whl", hash = "sha256:863d71b355a3d45c730a96c10c6de531f4a119a91d31d22e0c55d01d13d276b9"},
    {file = "pyntcore-2025.3.2.3-cp39-cp39-win_amd64.whl", hash = "sha256:635b1dce3e895a94035d8826178734990ee7e6428686dac3d64d08f1566564c3"},
]

[package.dependencies]
robotpy-native-ntcore = "2025.3.2"
robotpy-wpinet = "2025.3.2.3"
robotpy-wpiutil = "2025.3.2.3"

[[package]]
name = "robotpy-native-ntcore"
version = "2025.3.2"
description = "WPILib NetworkTables Library"
optional = false
python-versions = "*"
groups = ["main"]
files = [
    {file = "robotpy_native_ntcore-2025.3.2-py3-none-macosx_13_0_universal2.whl", hash = "sha256:2681c7f5c7c2c81785efa06dd6591bf4751540774a269db6ac22b5538a68a0a4"},
    {file = "robotpy_native_ntcore-2025.3.2-py3-none-manylinux_2_35_x86_64.whl", hash = "sha256:4043cbabefa45a6c290a7a86f3d6450ccf97da6579cfc4d5c6551025072c81f0"},
    {file = "robotpy_native_ntcore-2025.3.2-py3-none-manylinux_2_36_aarch64.whl", hash = "sha256:479d3e36b906445d5a39c50674370948dce7281afc48d28f55cc27e5af50aaae"},
    {file = "robotpy_native_ntcore-2025.3.2-py3-none-win_amd64.whl", hash = "sha256:7bf6c2681b85ccec2466fde7f7d558ebd543d0d1fb0736454429bc7c1a17d216"},
]

[package.dependencies]
robotpy-native-wpinet = "2025.3.2"
robotpy-native-wpiutil = "2025.3.2"

[[package]]
name = "robotpy-native-wpinet"
version = "2025.3.2"
description = "WPILib Networking Library"
optional = false
python-versions = "*"
groups = ["main"]
files = [
    {file = "robotpy_native_wpinet-2025.3.2-py3-none-macosx_13_0_universal2.whl", hash = "sha256:cc6d5318294b15bc23285fed5efe4788c9e2abc3f7cc7d6eb4293f1de5ea2adb"},
    {file = "robotpy_native_wpinet-2025.3.2-py3-none-manylinux_2_35_x86_64.whl", hash = "sha256:67f17828e9f1ff68ac05d37465f4d386d9ea9d4d17e09b2259c8e97eb05c1ac1"},
    {file = "robotpy_native_wpinet-2025.3.2-py3-none-manylinux_2_36_aarch64.whl", hash = "sha256:3057a65478da66e2b597f22f859135b3b2bbafb17ad3f927d84a31edec46a154"},
    {file = "robotpy_native_wpinet-2025.3.2-py3-none-win_amd64.whl", hash = "sha256:cce18b5b064da021d4657b8a62903bf3826722588a59d4ef3fb8aa65110fcce0"},
]

[package.dependencies]
robotpy-native-wpiutil = "2025.3.2"

[[package]]
name = "robotpy-native-wpiutil"
version = "2025.3.2"
description = "WPILib Utility Library"
optional = false
python-versions = "*"
groups = ["main"]
files = [
    {file = "robotpy_native_wpiutil-2025.3.2-py3-none-macosx_13_0_universal2.whl", hash = "sha256:871cd5c62664620309e38f610551bce551aa8e7c607d500d51eda15e81340dea"},
    {file = "robotpy_native_wpiutil-2025.3.2-py3-none-manylinux_2_35_x86_64.whl", hash = "sha256:0794d841d4c1c87bc63d46544ce097f07dfee6da8d1266047644a36cd47eabf7"},
    {file = "robotpy_native_wpiutil-2025.3.2-py3-none-manylinux_2_36_aarch64.whl", hash = "sha256:3cc7e9e687b6a14d5371591f04edcf7e2e98cd093b358e70d0d51fcf8fd6a3aa"},
    {file = "robotpy_native_wpiutil-2025.3.2-py3-none-win_amd64.whl", hash = "sha256:577a050c3b5e210d2cc32881c4f1f92213fd4c74f02fa6fb8e9f8cc8f08b9f12"},
]

[package.dependencies]
msvc-runtime = {version = ">=14.42.34433", markers = "platform_system == \"Windows\""}

[[package]]
name = "robotpy-wpinet"
version = "2025.3.2.3"
description = "Binary wrapper for FRC wpinet library"
optional = false
python-versions = "*"
groups = ["main"]
files = [
    {file = "robotpy_wpinet-2025.3.2.3-cp310-cp310-macosx_13_0_arm64.whl", hash = "sha256:9b2428815a3563cbdd60388f732bf0afbcd53c5d53112032c49fd628846ccca9"},
    {file = "robotpy_wpinet-2025.3.2.3-cp310-cp310-macosx_13_0_x86_64.whl", hash = "sha256:98f2bf530b47dba2787e2b2a05d45b595969db2ca361381fa076a08969891fbb"},
    {file = "robotpy_wpinet-2025.3.2.3-cp310-cp310-manylinux_2_35_x86_64.whl", hash = "sha256:cf69bdc1961fc52358409a1d929dd17830915528803381b2e3198c8d8c4742f2"},
    {file = "robotpy_wpinet-2025.3.2.3-cp310-cp310-win_amd64.whl", hash = "sha256:4ca1f58a3fdaa83891cc7c97bcacbe31703008286a83d23747856cc397bad000"},
    {file = "robotpy_wpinet-2025.3.2.3-cp311-cp311-macosx_13_0_arm64.whl", hash = "sha256:14e8160b4a781cb1dc7841875a0ffd7007c447484fbddddca87aaef20f65defa"},
    {file = "robotpy_wpinet-2025.3.2.3-cp311-cp311-macosx_13_0_x86_64.whl", hash = "sha256:4f55f12625cd5244e3144ff0c9c1610aa72b71502fd960cafe7950e2dbc589ba"},
    {file = "robotpy_wpinet-2025.3.2.3-cp311-cp311-manylinux_2_35_x86_64.whl", hash = "sha256:4c40cfe54ca6f0ae77b2fb56cababbf0b45f8002e47cac2d598a101312ae9c51"},
    {file = "robotpy_wpinet-2025.3.2.3-cp311-cp311-manylinux_2_36_aarch64.whl", hash = "sha256:47f82787256c2405dd106ff70a3ff1055c07a2c3a4609b9dd91f6800d7561d8c"},
    {file = "robotpy_wpinet-2025.3.2.3-cp311-cp311-win_amd64.whl", hash = "sha256:67b1c8c238bddb5ae35cc72d466d6da268c0da8aea153e44381eaba0b36b6ced"},
    {file = "robotpy_wpinet-2025.3.2.3-cp312-cp312-macosx_13_0_arm64.whl", hash = "sha256:12598d5d02a7f192105d78e1d311494ce4fd45d38462990266e4e1e9d56c5fb0"},
    {file = "robotpy_wpinet-2025.3.2.3-cp312-cp312-macosx_13_0_x86_64.whl", hash = "sha256:5e17d80ece2bf91e01c70806512d367aa4f692227f09a4f55e05d2cfd978e823"},
    {file = "robotpy_wpinet-2025.3.2.3-cp312-cp312-manylinux_2_35_x86_64.whl", hash = "sha256:5c991aabab5fd500e30892c74a00acd45f400f9cc7e36da8554390377c8bcf14"},
    {file = "robotpy_wpinet-2025.3.2.3-cp312-cp312-manylinux_2_36_aarch64.whl", hash = "sha256:4229009f2e20a6622915d9afc602304142462d3996835799c33c07755406e4df"},
    {file = "robotpy_wpinet-2025.3.2.3-cp312-cp312-win_amd64.whl", hash = "sha256:680f95786da8fe3bda19c2ba2406d0e6a9cfb43a44f6f15cf28f6289e3a1a6b9"},
    {file = "robotpy_wpinet-2025.3.2.3-cp313-cp313-macosx_13_0_arm64.whl", hash = "sha256:350ae1be5233641ae53474d8239ef04ab25728618f58ad25ac2ad8b8daf165a5"},
    {file = "robotpy_wpinet-2025.3.2.3-cp313-cp313-macosx_13_0_x86_64.whl", hash = "sha256:e6d1d5c76624c9425497dba4a103583acb2492ac69b2a91e9138772a479366ff"},
    {file = "robotpy_wpinet-2025.3.2.3-cp313-cp313-manylinux_2_35_x86_64.whl", hash = "sha256:e3cb029e464d6cf100dd9a558243de45e4a7247dd4f481e65c1996c1e8ebf3a3"},
    {file = "robotpy_wpinet-2025.3.2.3-cp313-cp313-manylinux_2_36_aarch64.whl", hash = "sha256:3ba2d2631c7e15817664c3b5a75b15fdb6ce97be2549dbe64a1d2156ba0d4c1f"},
    {file = "robotpy_wpinet-2025.3.2.3-cp313-cp313-win_amd64.whl", hash = "sha256:226a10d4e7ec3831d98bb2db3eb5d49563baa888da6a79e2a5002ea71bb6f0a7"},
    {file = "robotpy_wpinet-2025.3.2.3-cp39-cp39-macosx_13_0_arm64.whl", hash = "sha256:c10588f6bbba115a57b361c3bc315d72b74cc17a01239aeeaef351acdfb00fdd"},
    {file = "robotpy_wpinet-2025.3.2.3-cp39-cp39-macosx_13_0_x86_64.whl", hash = "sha256:3e068c48ec71675755899a826be47f4d1b999a0a564034b40f54656cc85f5182"},
    {file = "robotpy_wpinet-2025.3.2.3-cp39-cp39-manylinux_2_35_x86_64.whl", hash = "sha256:30792c14e80231d1c8e8cc56e17980cfcace24217f5fe7c593730ae98832a991"},
    {file = "robotpy_wpinet-2025.3.2.3-cp39-cp39-win_amd64.whl", hash = "sha256:69f8641703a5590dd8d2704321965c881184b2081c6de45ed5995980db9bb297"},
]

[package.dependencies]
robotpy-native-wpinet = "2025.3.2"
robotpy-wpiutil = "2025.3.2.3"

[[package]]
name = "robotpy-wpiutil"
version = "2025.3.2.3"
description = "Binary wrapper for FRC WPIUtil library"
optional = false
python-versions = "*"
groups = ["main"]
files = [
    {file = "robotpy_wpiutil-2025.3.2.3-cp310-cp310-macosx_13_0_arm64.whl", hash = "sha256:b3707ec3292df02d370e6cf214af9ee7d1d5dd3b0e79f3bcb9750cba8d4bb7ef"},
    {file = "robotpy_wpiutil-2025.3.2.3-cp310-cp310-macosx_13_0_x86_64.whl", hash = "sha256:451cc877e0782180e3d206d32fc03df4f30cb2ecf5862507d55d267f0aba1565"},
    {file = "robotpy_wpiutil-2025.3.2.3-cp310-cp310-manylinux_2_35_x86_64.whl", hash = "sha256:752de8d4aad7bc63fe91eede5c1c7133647f501124d377d4702e3b69038bae2b"},
    {file = "robotpy_wpiutil-2025.3.2.3-cp310-cp310-win_amd64.whl", hash = "sha256:d19e698eae78c03170abb59b3d52f4b6f8dfcffc82a3b2ee2772780d067a984a"},
    {file = "robotpy_wpiutil-2025.3.2.3-cp311-cp311-macosx_13_0_arm64.whl", hash = "sha256:98928097518b0a626b5136bec3f87e56da4040d8e9173c47b86299fa3f74b0ee"},
    {file = "robotpy_wpiutil-2025.3.2.3-cp311-cp311-macosx_13_0_x86_64.whl", hash = "sha256:b8194d6f8133e710a5365d9b538ac3e1b020f160db6ebb5c1d9c0bc34062cee0"},
    {file = "robotpy_wpiutil-2025.3.2.3-cp311-cp311-manylinux_2_35_x86_64.whl", hash = "sha256:2c7f84dc5dc4796cbf143e82efa3bd00540a40d294c01ffad0744f0377f2104f"},
    {file = "robotpy_wpiutil-2025.3.2.3-cp311-cp311-manylinux_2_36_aarch64.whl", hash = "sha256:bd9c69c09930eaa937800e5e82961e5df7f478432d75c6a8b768c079c3b786ec"},
    {file = "robotpy_wpiutil-2025.3.2.3-cp311-cp311-win_amd64.whl", hash = "sha256:20c62633fce8b2fa4217592cda27ddba30f5c7a511c9e2193d7b1e8f5a4994b8"},
    {file = "robotpy_wpiutil-2025.3.2.3-cp312-cp312-macosx_13_0_arm64.whl", hash = "sha256:29a629a4fd5f19cda31361672ae41a71a4798b2626960abfc8d8d6e001b1dabc"},
    {file = "robotpy_wpiutil-2025.3.2.3-cp312-cp312-macosx_13_0_x86_64.whl", hash = "sha256:60e190a9ea5ec4bd8a91ac79109f4b6cace6e39b601eca5c5d0d3f2a28c9aaf6"},
    {file = "robotpy_wpiutil-2025.3.2.3-cp312-cp312-manylinux_2_35_x86_64.whl", hash = "sha256:bef80d80c1e7b7eccabe466aa1f7f4ee692db4e8b27c8977349f922033a6eb18"},
    {file = "robotpy_wpiutil-2025.3.2.3-cp312-cp312-manylinux_2_36_aarch64.whl", hash = "sha256:141b82604742f8bbeb35fa855b8834c980e12e9e77fab3f3e13503847c3e8db7"},
    {file = "robotpy_wpiutil-2025.3.2.3-cp312-cp312-win_amd64.whl", hash = "sha256:57d5873dd85ebd0fc12289dfe1888a344d0ccb4fd17972b0eb892b6dad2ac80b"},
    {file = "robotpy_wpiutil-2025.3.2.3-cp313-cp313-macosx_13_0_arm64.whl", hash = "sha256:6d8a9fe4c8a5547fe752c6190e3b2be2e048d981800d0dca6c6c90c0c9393dd1"},
    {file = "robotpy_wpiutil-2025.3.2.3-cp313-cp313-macosx_13_0_x86_64.whl", hash = "sha256:8c5cb803248c3fac6d2d2aabfb0b8a9f10dc062ab6c0ad9abb79d6dda4e8c087"},
    {file = "robotpy_wpiutil-2025.3.2.3-cp313-cp313-manylinux_2_35_x86_64.whl", hash = "sha256:53cec827859a2818590ac994982ccfbbd61c222606e93a9aae4451db55726cd7"},
    {file = "robotpy_wpiutil-2025.3.2.3-cp313-cp313-manylinux_2_36_aarch64.whl", hash = "sha256:0d8ae7fec010b468aff6f1271230ba6834c7ba120b655a3ce640d9e012408740"},
    {file = "robotpy_wpiutil-2025.3.2.3-cp313-cp313-win_amd64.whl", hash = "sha256:bd5bf8958634c488e4e2e48c2e36d6d6f2fd7f77709448c2b87769d0b1e06583"},
    {file = "robotpy_wpiutil-2025.3.2.3-cp39-cp39-macosx_13_0_arm64.whl", hash = "sha256:166097e5bd15216011c0ba7c9afe83d1e22386e2ef42cc664130a7db071b6756"},
    {file = "robotpy_wpiutil-2025.3.2.3-cp39-cp39-macosx_13_0_x86_64.whl", hash = "sha256:70f0f0d8996c1e303862b6f256c94de8b54fbbd31320b6c182e9ebe752d27e6d"},
    {file = "robotpy_wpiutil-2025.3.2.3-cp39-cp39-manylinux_2_35_x86_64.whl", hash = "sha256:4ec3816bf3ff4a6d9c370825ba3e88fcb84d9a383430878c5bf797e0de8e5632"},
    {file = "robotpy_wpiutil-2025.3.2.3-cp39-cp39-win_amd64.whl", hash = "sha256:df8e0c30202a5bdcc49da0ee09e1497cea9bae5bd2d94ba08f55b8c312874629"},
]

[package.dependencies]
robotpy-native-wpiutil = "2025.3.2"

[metadata]
lock-version = "2.1"
python-versions = ">=3.13,<3.14"
content-hash = "4423834a5df30e30d174e44cec3c5635d1f118112404a76be58b74d3b1670baa"
